// !$*UTF8*$!
{
	archiveVersion = 1;
	classes = {
	};
	objectVersion = 50;
	objects = {

/* Begin PBXBuildFile section */
		CCB201A725CBE38900ACC39A /* AppDelegate.swift in Sources */ = {isa = PBXBuildFile; fileRef = CCB201A625CBE38900ACC39A /* AppDelegate.swift */; };
		CCB201A925CBE38900ACC39A /* SceneDelegate.swift in Sources */ = {isa = PBXBuildFile; fileRef = CCB201A825CBE38900ACC39A /* SceneDelegate.swift */; };
		CCB201AB25CBE38900ACC39A /* ViewController.swift in Sources */ = {isa = PBXBuildFile; fileRef = CCB201AA25CBE38900ACC39A /* ViewController.swift */; };
		CCB201AE25CBE38900ACC39A /* Main.storyboard in Resources */ = {isa = PBXBuildFile; fileRef = CCB201AC25CBE38900ACC39A /* Main.storyboard */; };
		CCB201B025CBE38B00ACC39A /* Assets.xcassets in Resources */ = {isa = PBXBuildFile; fileRef = CCB201AF25CBE38B00ACC39A /* Assets.xcassets */; };
		CCB201B325CBE38B00ACC39A /* LaunchScreen.storyboard in Resources */ = {isa = PBXBuildFile; fileRef = CCB201B125CBE38B00ACC39A /* LaunchScreen.storyboard */; };
		CCB201BE25CBE38B00ACC39A /* GachaTests.swift in Sources */ = {isa = PBXBuildFile; fileRef = CCB201BD25CBE38B00ACC39A /* GachaTests.swift */; };
		CCB201C925CBE38B00ACC39A /* GachaUITests.swift in Sources */ = {isa = PBXBuildFile; fileRef = CCB201C825CBE38B00ACC39A /* GachaUITests.swift */; };
/* End PBXBuildFile section */

/* Begin PBXContainerItemProxy section */
		CCB201BA25CBE38B00ACC39A /* PBXContainerItemProxy */ = {
			isa = PBXContainerItemProxy;
			containerPortal = CCB2019B25CBE38900ACC39A /* Project object */;
			proxyType = 1;
			remoteGlobalIDString = CCB201A225CBE38900ACC39A;
			remoteInfo = Gacha;
		};
		CCB201C525CBE38B00ACC39A /* PBXContainerItemProxy */ = {
			isa = PBXContainerItemProxy;
			containerPortal = CCB2019B25CBE38900ACC39A /* Project object */;
			proxyType = 1;
			remoteGlobalIDString = CCB201A225CBE38900ACC39A;
			remoteInfo = Gacha;
		};
/* End PBXContainerItemProxy section */

/* Begin PBXFileReference section */
		CCB201A325CBE38900ACC39A /* Gacha.app */ = {isa = PBXFileReference; explicitFileType = wrapper.application; includeInIndex = 0; path = Gacha.app; sourceTree = BUILT_PRODUCTS_DIR; };
		CCB201A625CBE38900ACC39A /* AppDelegate.swift */ = {isa = PBXFileReference; lastKnownFileType = sourcecode.swift; path = AppDelegate.swift; sourceTree = "<group>"; };
		CCB201A825CBE38900ACC39A /* SceneDelegate.swift */ = {isa = PBXFileReference; lastKnownFileType = sourcecode.swift; path = SceneDelegate.swift; sourceTree = "<group>"; };
		CCB201AA25CBE38900ACC39A /* ViewController.swift */ = {isa = PBXFileReference; lastKnownFileType = sourcecode.swift; path = ViewController.swift; sourceTree = "<group>"; };
		CCB201AD25CBE38900ACC39A /* Base */ = {isa = PBXFileReference; lastKnownFileType = file.storyboard; name = Base; path = Base.lproj/Main.storyboard; sourceTree = "<group>"; };
		CCB201AF25CBE38B00ACC39A /* Assets.xcassets */ = {isa = PBXFileReference; lastKnownFileType = folder.assetcatalog; path = Assets.xcassets; sourceTree = "<group>"; };
		CCB201B225CBE38B00ACC39A /* Base */ = {isa = PBXFileReference; lastKnownFileType = file.storyboard; name = Base; path = Base.lproj/LaunchScreen.storyboard; sourceTree = "<group>"; };
		CCB201B425CBE38B00ACC39A /* Info.plist */ = {isa = PBXFileReference; lastKnownFileType = text.plist.xml; path = Info.plist; sourceTree = "<group>"; };
		CCB201B925CBE38B00ACC39A /* GachaTests.xctest */ = {isa = PBXFileReference; explicitFileType = wrapper.cfbundle; includeInIndex = 0; path = GachaTests.xctest; sourceTree = BUILT_PRODUCTS_DIR; };
		CCB201BD25CBE38B00ACC39A /* GachaTests.swift */ = {isa = PBXFileReference; lastKnownFileType = sourcecode.swift; path = GachaTests.swift; sourceTree = "<group>"; };
		CCB201BF25CBE38B00ACC39A /* Info.plist */ = {isa = PBXFileReference; lastKnownFileType = text.plist.xml; path = Info.plist; sourceTree = "<group>"; };
		CCB201C425CBE38B00ACC39A /* GachaUITests.xctest */ = {isa = PBXFileReference; explicitFileType = wrapper.cfbundle; includeInIndex = 0; path = GachaUITests.xctest; sourceTree = BUILT_PRODUCTS_DIR; };
		CCB201C825CBE38B00ACC39A /* GachaUITests.swift */ = {isa = PBXFileReference; lastKnownFileType = sourcecode.swift; path = GachaUITests.swift; sourceTree = "<group>"; };
		CCB201CA25CBE38B00ACC39A /* Info.plist */ = {isa = PBXFileReference; lastKnownFileType = text.plist.xml; path = Info.plist; sourceTree = "<group>"; };
/* End PBXFileReference section */

/* Begin PBXFrameworksBuildPhase section */
		CCB201A025CBE38900ACC39A /* Frameworks */ = {
			isa = PBXFrameworksBuildPhase;
			buildActionMask = 2147483647;
			files = (
			);
			runOnlyForDeploymentPostprocessing = 0;
		};
		CCB201B625CBE38B00ACC39A /* Frameworks */ = {
			isa = PBXFrameworksBuildPhase;
			buildActionMask = 2147483647;
			files = (
			);
			runOnlyForDeploymentPostprocessing = 0;
		};
		CCB201C125CBE38B00ACC39A /* Frameworks */ = {
			isa = PBXFrameworksBuildPhase;
			buildActionMask = 2147483647;
			files = (
			);
			runOnlyForDeploymentPostprocessing = 0;
		};
/* End PBXFrameworksBuildPhase section */

/* Begin PBXGroup section */
		CCB2019A25CBE38900ACC39A = {
			isa = PBXGroup;
			children = (
				CCB201A525CBE38900ACC39A /* Gacha */,
				CCB201BC25CBE38B00ACC39A /* GachaTests */,
				CCB201C725CBE38B00ACC39A /* GachaUITests */,
				CCB201A425CBE38900ACC39A /* Products */,
			);
			sourceTree = "<group>";
		};
		CCB201A425CBE38900ACC39A /* Products */ = {
			isa = PBXGroup;
			children = (
				CCB201A325CBE38900ACC39A /* Gacha.app */,
				CCB201B925CBE38B00ACC39A /* GachaTests.xctest */,
				CCB201C425CBE38B00ACC39A /* GachaUITests.xctest */,
			);
			name = Products;
			sourceTree = "<group>";
		};
		CCB201A525CBE38900ACC39A /* Gacha */ = {
			isa = PBXGroup;
			children = (
				CCB201A625CBE38900ACC39A /* AppDelegate.swift */,
				CCB201A825CBE38900ACC39A /* SceneDelegate.swift */,
				CCB201AA25CBE38900ACC39A /* ViewController.swift */,
				CCB201AC25CBE38900ACC39A /* Main.storyboard */,
				CCB201AF25CBE38B00ACC39A /* Assets.xcassets */,
				CCB201B125CBE38B00ACC39A /* LaunchScreen.storyboard */,
				CCB201B425CBE38B00ACC39A /* Info.plist */,
			);
			path = Gacha;
			sourceTree = "<group>";
		};
		CCB201BC25CBE38B00ACC39A /* GachaTests */ = {
			isa = PBXGroup;
			children = (
				CCB201BD25CBE38B00ACC39A /* GachaTests.swift */,
				CCB201BF25CBE38B00ACC39A /* Info.plist */,
			);
			path = GachaTests;
			sourceTree = "<group>";
		};
		CCB201C725CBE38B00ACC39A /* GachaUITests */ = {
			isa = PBXGroup;
			children = (
				CCB201C825CBE38B00ACC39A /* GachaUITests.swift */,
				CCB201CA25CBE38B00ACC39A /* Info.plist */,
			);
			path = GachaUITests;
			sourceTree = "<group>";
		};
/* End PBXGroup section */

/* Begin PBXNativeTarget section */
		CCB201A225CBE38900ACC39A /* Gacha */ = {
			isa = PBXNativeTarget;
			buildConfigurationList = CCB201CD25CBE38B00ACC39A /* Build configuration list for PBXNativeTarget "Gacha" */;
			buildPhases = (
				CCB2019F25CBE38900ACC39A /* Sources */,
				CCB201A025CBE38900ACC39A /* Frameworks */,
				CCB201A125CBE38900ACC39A /* Resources */,
			);
			buildRules = (
			);
			dependencies = (
			);
			name = Gacha;
			productName = Gacha;
			productReference = CCB201A325CBE38900ACC39A /* Gacha.app */;
			productType = "com.apple.product-type.application";
		};
		CCB201B825CBE38B00ACC39A /* GachaTests */ = {
			isa = PBXNativeTarget;
			buildConfigurationList = CCB201D025CBE38B00ACC39A /* Build configuration list for PBXNativeTarget "GachaTests" */;
			buildPhases = (
				CCB201B525CBE38B00ACC39A /* Sources */,
				CCB201B625CBE38B00ACC39A /* Frameworks */,
				CCB201B725CBE38B00ACC39A /* Resources */,
			);
			buildRules = (
			);
			dependencies = (
				CCB201BB25CBE38B00ACC39A /* PBXTargetDependency */,
			);
			name = GachaTests;
			productName = GachaTests;
			productReference = CCB201B925CBE38B00ACC39A /* GachaTests.xctest */;
			productType = "com.apple.product-type.bundle.unit-test";
		};
		CCB201C325CBE38B00ACC39A /* GachaUITests */ = {
			isa = PBXNativeTarget;
			buildConfigurationList = CCB201D325CBE38B00ACC39A /* Build configuration list for PBXNativeTarget "GachaUITests" */;
			buildPhases = (
				CCB201C025CBE38B00ACC39A /* Sources */,
				CCB201C125CBE38B00ACC39A /* Frameworks */,
				CCB201C225CBE38B00ACC39A /* Resources */,
			);
			buildRules = (
			);
			dependencies = (
				CCB201C625CBE38B00ACC39A /* PBXTargetDependency */,
			);
			name = GachaUITests;
			productName = GachaUITests;
			productReference = CCB201C425CBE38B00ACC39A /* GachaUITests.xctest */;
			productType = "com.apple.product-type.bundle.ui-testing";
		};
/* End PBXNativeTarget section */

/* Begin PBXProject section */
		CCB2019B25CBE38900ACC39A /* Project object */ = {
			isa = PBXProject;
			attributes = {
				LastSwiftUpdateCheck = 1230;
				LastUpgradeCheck = 1230;
				TargetAttributes = {
					CCB201A225CBE38900ACC39A = {
						CreatedOnToolsVersion = 12.3;
					};
					CCB201B825CBE38B00ACC39A = {
						CreatedOnToolsVersion = 12.3;
						TestTargetID = CCB201A225CBE38900ACC39A;
					};
					CCB201C325CBE38B00ACC39A = {
						CreatedOnToolsVersion = 12.3;
						TestTargetID = CCB201A225CBE38900ACC39A;
					};
				};
			};
			buildConfigurationList = CCB2019E25CBE38900ACC39A /* Build configuration list for PBXProject "Gacha" */;
			compatibilityVersion = "Xcode 9.3";
			developmentRegion = en;
			hasScannedForEncodings = 0;
			knownRegions = (
				en,
				Base,
			);
			mainGroup = CCB2019A25CBE38900ACC39A;
			productRefGroup = CCB201A425CBE38900ACC39A /* Products */;
			projectDirPath = "";
			projectRoot = "";
			targets = (
				CCB201A225CBE38900ACC39A /* Gacha */,
				CCB201B825CBE38B00ACC39A /* GachaTests */,
				CCB201C325CBE38B00ACC39A /* GachaUITests */,
			);
		};
/* End PBXProject section */

/* Begin PBXResourcesBuildPhase section */
		CCB201A125CBE38900ACC39A /* Resources */ = {
			isa = PBXResourcesBuildPhase;
			buildActionMask = 2147483647;
			files = (
				CCB201B325CBE38B00ACC39A /* LaunchScreen.storyboard in Resources */,
				CCB201B025CBE38B00ACC39A /* Assets.xcassets in Resources */,
				CCB201AE25CBE38900ACC39A /* Main.storyboard in Resources */,
			);
			runOnlyForDeploymentPostprocessing = 0;
		};
		CCB201B725CBE38B00ACC39A /* Resources */ = {
			isa = PBXResourcesBuildPhase;
			buildActionMask = 2147483647;
			files = (
			);
			runOnlyForDeploymentPostprocessing = 0;
		};
		CCB201C225CBE38B00ACC39A /* Resources */ = {
			isa = PBXResourcesBuildPhase;
			buildActionMask = 2147483647;
			files = (
			);
			runOnlyForDeploymentPostprocessing = 0;
		};
/* End PBXResourcesBuildPhase section */

/* Begin PBXSourcesBuildPhase section */
		CCB2019F25CBE38900ACC39A /* Sources */ = {
			isa = PBXSourcesBuildPhase;
			buildActionMask = 2147483647;
			files = (
				CCB201AB25CBE38900ACC39A /* ViewController.swift in Sources */,
				CCB201A725CBE38900ACC39A /* AppDelegate.swift in Sources */,
				CCB201A925CBE38900ACC39A /* SceneDelegate.swift in Sources */,
			);
			runOnlyForDeploymentPostprocessing = 0;
		};
		CCB201B525CBE38B00ACC39A /* Sources */ = {
			isa = PBXSourcesBuildPhase;
			buildActionMask = 2147483647;
			files = (
				CCB201BE25CBE38B00ACC39A /* GachaTests.swift in Sources */,
			);
			runOnlyForDeploymentPostprocessing = 0;
		};
		CCB201C025CBE38B00ACC39A /* Sources */ = {
			isa = PBXSourcesBuildPhase;
			buildActionMask = 2147483647;
			files = (
				CCB201C925CBE38B00ACC39A /* GachaUITests.swift in Sources */,
			);
			runOnlyForDeploymentPostprocessing = 0;
		};
/* End PBXSourcesBuildPhase section */

/* Begin PBXTargetDependency section */
		CCB201BB25CBE38B00ACC39A /* PBXTargetDependency */ = {
			isa = PBXTargetDependency;
			target = CCB201A225CBE38900ACC39A /* Gacha */;
			targetProxy = CCB201BA25CBE38B00ACC39A /* PBXContainerItemProxy */;
		};
		CCB201C625CBE38B00ACC39A /* PBXTargetDependency */ = {
			isa = PBXTargetDependency;
			target = CCB201A225CBE38900ACC39A /* Gacha */;
			targetProxy = CCB201C525CBE38B00ACC39A /* PBXContainerItemProxy */;
		};
/* End PBXTargetDependency section */

/* Begin PBXVariantGroup section */
		CCB201AC25CBE38900ACC39A /* Main.storyboard */ = {
			isa = PBXVariantGroup;
			children = (
				CCB201AD25CBE38900ACC39A /* Base */,
			);
			name = Main.storyboard;
			sourceTree = "<group>";
		};
		CCB201B125CBE38B00ACC39A /* LaunchScreen.storyboard */ = {
			isa = PBXVariantGroup;
			children = (
				CCB201B225CBE38B00ACC39A /* Base */,
			);
			name = LaunchScreen.storyboard;
			sourceTree = "<group>";
		};
/* End PBXVariantGroup section */

/* Begin XCBuildConfiguration section */
		CCB201CB25CBE38B00ACC39A /* Debug */ = {
			isa = XCBuildConfiguration;
			buildSettings = {
				ALWAYS_SEARCH_USER_PATHS = NO;
				CLANG_ANALYZER_NONNULL = YES;
				CLANG_ANALYZER_NUMBER_OBJECT_CONVERSION = YES_AGGRESSIVE;
				CLANG_CXX_LANGUAGE_STANDARD = "gnu++14";
				CLANG_CXX_LIBRARY = "libc++";
				CLANG_ENABLE_MODULES = YES;
				CLANG_ENABLE_OBJC_ARC = YES;
				CLANG_ENABLE_OBJC_WEAK = YES;
				CLANG_WARN_BLOCK_CAPTURE_AUTORELEASING = YES;
				CLANG_WARN_BOOL_CONVERSION = YES;
				CLANG_WARN_COMMA = YES;
				CLANG_WARN_CONSTANT_CONVERSION = YES;
				CLANG_WARN_DEPRECATED_OBJC_IMPLEMENTATIONS = YES;
				CLANG_WARN_DIRECT_OBJC_ISA_USAGE = YES_ERROR;
				CLANG_WARN_DOCUMENTATION_COMMENTS = YES;
				CLANG_WARN_EMPTY_BODY = YES;
				CLANG_WARN_ENUM_CONVERSION = YES;
				CLANG_WARN_INFINITE_RECURSION = YES;
				CLANG_WARN_INT_CONVERSION = YES;
				CLANG_WARN_NON_LITERAL_NULL_CONVERSION = YES;
				CLANG_WARN_OBJC_IMPLICIT_RETAIN_SELF = YES;
				CLANG_WARN_OBJC_LITERAL_CONVERSION = YES;
				CLANG_WARN_OBJC_ROOT_CLASS = YES_ERROR;
				CLANG_WARN_QUOTED_INCLUDE_IN_FRAMEWORK_HEADER = YES;
				CLANG_WARN_RANGE_LOOP_ANALYSIS = YES;
				CLANG_WARN_STRICT_PROTOTYPES = YES;
				CLANG_WARN_SUSPICIOUS_MOVE = YES;
				CLANG_WARN_UNGUARDED_AVAILABILITY = YES_AGGRESSIVE;
				CLANG_WARN_UNREACHABLE_CODE = YES;
				CLANG_WARN__DUPLICATE_METHOD_MATCH = YES;
				COPY_PHASE_STRIP = NO;
				DEBUG_INFORMATION_FORMAT = dwarf;
				ENABLE_STRICT_OBJC_MSGSEND = YES;
				ENABLE_TESTABILITY = YES;
				GCC_C_LANGUAGE_STANDARD = gnu11;
				GCC_DYNAMIC_NO_PIC = NO;
				GCC_NO_COMMON_BLOCKS = YES;
				GCC_OPTIMIZATION_LEVEL = 0;
				GCC_PREPROCESSOR_DEFINITIONS = (
					"DEBUG=1",
					"$(inherited)",
				);
				GCC_WARN_64_TO_32_BIT_CONVERSION = YES;
				GCC_WARN_ABOUT_RETURN_TYPE = YES_ERROR;
				GCC_WARN_UNDECLARED_SELECTOR = YES;
				GCC_WARN_UNINITIALIZED_AUTOS = YES_AGGRESSIVE;
				GCC_WARN_UNUSED_FUNCTION = YES;
				GCC_WARN_UNUSED_VARIABLE = YES;
				IPHONEOS_DEPLOYMENT_TARGET = 14.3;
				MTL_ENABLE_DEBUG_INFO = INCLUDE_SOURCE;
				MTL_FAST_MATH = YES;
				ONLY_ACTIVE_ARCH = YES;
				SDKROOT = iphoneos;
				SWIFT_ACTIVE_COMPILATION_CONDITIONS = DEBUG;
				SWIFT_OPTIMIZATION_LEVEL = "-Onone";
			};
			name = Debug;
		};
		CCB201CC25CBE38B00ACC39A /* Release */ = {
			isa = XCBuildConfiguration;
			buildSettings = {
				ALWAYS_SEARCH_USER_PATHS = NO;
				CLANG_ANALYZER_NONNULL = YES;
				CLANG_ANALYZER_NUMBER_OBJECT_CONVERSION = YES_AGGRESSIVE;
				CLANG_CXX_LANGUAGE_STANDARD = "gnu++14";
				CLANG_CXX_LIBRARY = "libc++";
				CLANG_ENABLE_MODULES = YES;
				CLANG_ENABLE_OBJC_ARC = YES;
				CLANG_ENABLE_OBJC_WEAK = YES;
				CLANG_WARN_BLOCK_CAPTURE_AUTORELEASING = YES;
				CLANG_WARN_BOOL_CONVERSION = YES;
				CLANG_WARN_COMMA = YES;
				CLANG_WARN_CONSTANT_CONVERSION = YES;
				CLANG_WARN_DEPRECATED_OBJC_IMPLEMENTATIONS = YES;
				CLANG_WARN_DIRECT_OBJC_ISA_USAGE = YES_ERROR;
				CLANG_WARN_DOCUMENTATION_COMMENTS = YES;
				CLANG_WARN_EMPTY_BODY = YES;
				CLANG_WARN_ENUM_CONVERSION = YES;
				CLANG_WARN_INFINITE_RECURSION = YES;
				CLANG_WARN_INT_CONVERSION = YES;
				CLANG_WARN_NON_LITERAL_NULL_CONVERSION = YES;
				CLANG_WARN_OBJC_IMPLICIT_RETAIN_SELF = YES;
				CLANG_WARN_OBJC_LITERAL_CONVERSION = YES;
				CLANG_WARN_OBJC_ROOT_CLASS = YES_ERROR;
				CLANG_WARN_QUOTED_INCLUDE_IN_FRAMEWORK_HEADER = YES;
				CLANG_WARN_RANGE_LOOP_ANALYSIS = YES;
				CLANG_WARN_STRICT_PROTOTYPES = YES;
				CLANG_WARN_SUSPICIOUS_MOVE = YES;
				CLANG_WARN_UNGUARDED_AVAILABILITY = YES_AGGRESSIVE;
				CLANG_WARN_UNREACHABLE_CODE = YES;
				CLANG_WARN__DUPLICATE_METHOD_MATCH = YES;
				COPY_PHASE_STRIP = NO;
				DEBUG_INFORMATION_FORMAT = "dwarf-with-dsym";
				ENABLE_NS_ASSERTIONS = NO;
				ENABLE_STRICT_OBJC_MSGSEND = YES;
				GCC_C_LANGUAGE_STANDARD = gnu11;
				GCC_NO_COMMON_BLOCKS = YES;
				GCC_WARN_64_TO_32_BIT_CONVERSION = YES;
				GCC_WARN_ABOUT_RETURN_TYPE = YES_ERROR;
				GCC_WARN_UNDECLARED_SELECTOR = YES;
				GCC_WARN_UNINITIALIZED_AUTOS = YES_AGGRESSIVE;
				GCC_WARN_UNUSED_FUNCTION = YES;
				GCC_WARN_UNUSED_VARIABLE = YES;
				IPHONEOS_DEPLOYMENT_TARGET = 14.3;
				MTL_ENABLE_DEBUG_INFO = NO;
				MTL_FAST_MATH = YES;
				SDKROOT = iphoneos;
				SWIFT_COMPILATION_MODE = wholemodule;
				SWIFT_OPTIMIZATION_LEVEL = "-O";
				VALIDATE_PRODUCT = YES;
			};
			name = Release;
		};
		CCB201CE25CBE38B00ACC39A /* Debug */ = {
			isa = XCBuildConfiguration;
			buildSettings = {
				ASSETCATALOG_COMPILER_APPICON_NAME = AppIcon;
				ASSETCATALOG_COMPILER_GLOBAL_ACCENT_COLOR_NAME = AccentColor;
				CODE_SIGN_STYLE = Automatic;
				INFOPLIST_FILE = Gacha/Info.plist;
				LD_RUNPATH_SEARCH_PATHS = (
					"$(inherited)",
					"@executable_path/Frameworks",
				);
				PRODUCT_BUNDLE_IDENTIFIER = app.yahata.chile.Gacha;
				PRODUCT_NAME = "$(TARGET_NAME)";
				SWIFT_VERSION = 5.0;
				TARGETED_DEVICE_FAMILY = "1,2";
			};
			name = Debug;
		};
		CCB201CF25CBE38B00ACC39A /* Release */ = {
			isa = XCBuildConfiguration;
			buildSettings = {
				ASSETCATALOG_COMPILER_APPICON_NAME = AppIcon;
				ASSETCATALOG_COMPILER_GLOBAL_ACCENT_COLOR_NAME = AccentColor;
				CODE_SIGN_STYLE = Automatic;
				INFOPLIST_FILE = Gacha/Info.plist;
				LD_RUNPATH_SEARCH_PATHS = (
					"$(inherited)",
					"@executable_path/Frameworks",
				);
				PRODUCT_BUNDLE_IDENTIFIER = app.yahata.chile.Gacha;
				PRODUCT_NAME = "$(TARGET_NAME)";
				SWIFT_VERSION = 5.0;
				TARGETED_DEVICE_FAMILY = "1,2";
			};
			name = Release;
		};
		CCB201D125CBE38B00ACC39A /* Debug */ = {
			isa = XCBuildConfiguration;
			buildSettings = {
				ALWAYS_EMBED_SWIFT_STANDARD_LIBRARIES = YES;
				BUNDLE_LOADER = "$(TEST_HOST)";
				CODE_SIGN_STYLE = Automatic;
				INFOPLIST_FILE = GachaTests/Info.plist;
				IPHONEOS_DEPLOYMENT_TARGET = 14.3;
				LD_RUNPATH_SEARCH_PATHS = (
					"$(inherited)",
					"@executable_path/Frameworks",
					"@loader_path/Frameworks",
				);
				PRODUCT_BUNDLE_IDENTIFIER = app.yahata.chile.GachaTests;
				PRODUCT_NAME = "$(TARGET_NAME)";
				SWIFT_VERSION = 5.0;
				TARGETED_DEVICE_FAMILY = "1,2";
				TEST_HOST = "$(BUILT_PRODUCTS_DIR)/Gacha.app/Gacha";
			};
			name = Debug;
		};
		CCB201D225CBE38B00ACC39A /* Release */ = {
			isa = XCBuildConfiguration;
			buildSettings = {
				ALWAYS_EMBED_SWIFT_STANDARD_LIBRARIES = YES;
				BUNDLE_LOADER = "$(TEST_HOST)";
				CODE_SIGN_STYLE = Automatic;
				INFOPLIST_FILE = GachaTests/Info.plist;
				IPHONEOS_DEPLOYMENT_TARGET = 14.3;
				LD_RUNPATH_SEARCH_PATHS = (
					"$(inherited)",
					"@executable_path/Frameworks",
					"@loader_path/Frameworks",
				);
				PRODUCT_BUNDLE_IDENTIFIER = app.yahata.chile.GachaTests;
				PRODUCT_NAME = "$(TARGET_NAME)";
				SWIFT_VERSION = 5.0;
				TARGETED_DEVICE_FAMILY = "1,2";
				TEST_HOST = "$(BUILT_PRODUCTS_DIR)/Gacha.app/Gacha";
			};
			name = Release;
		};
		CCB201D425CBE38B00ACC39A /* Debug */ = {
			isa = XCBuildConfiguration;
			buildSettings = {
				ALWAYS_EMBED_SWIFT_STANDARD_LIBRARIES = YES;
				CODE_SIGN_STYLE = Automatic;
				INFOPLIST_FILE = GachaUITests/Info.plist;
				LD_RUNPATH_SEARCH_PATHS = (
					"$(inherited)",
					"@executable_path/Frameworks",
					"@loader_path/Frameworks",
				);
				PRODUCT_BUNDLE_IDENTIFIER = app.yahata.chile.GachaUITests;
				PRODUCT_NAME = "$(TARGET_NAME)";
				SWIFT_VERSION = 5.0;
				TARGETED_DEVICE_FAMILY = "1,2";
				TEST_TARGET_NAME = Gacha;
			};
			name = Debug;
		};
		CCB201D525CBE38B00ACC39A /* Release */ = {
			isa = XCBuildConfiguration;
			buildSettings = {
				ALWAYS_EMBED_SWIFT_STANDARD_LIBRARIES = YES;
				CODE_SIGN_STYLE = Automatic;
				INFOPLIST_FILE = GachaUITests/Info.plist;
				LD_RUNPATH_SEARCH_PATHS = (
					"$(inherited)",
					"@executable_path/Frameworks",
					"@loader_path/Frameworks",
				);
				PRODUCT_BUNDLE_IDENTIFIER = app.yahata.chile.GachaUITests;
				PRODUCT_NAME = "$(TARGET_NAME)";
				SWIFT_VERSION = 5.0;
				TARGETED_DEVICE_FAMILY = "1,2";
				TEST_TARGET_NAME = Gacha;
			};
			name = Release;
		};
/* End XCBuildConfiguration section */

/* Begin XCConfigurationList section */
		CCB2019E25CBE38900ACC39A /* Build configuration list for PBXProject "Gacha" */ = {
			isa = XCConfigurationList;
			buildConfigurations = (
				CCB201CB25CBE38B00ACC39A /* Debug */,
				CCB201CC25CBE38B00ACC39A /* Release */,
			);
			defaultConfigurationIsVisible = 0;
			defaultConfigurationName = Release;
		};
		CCB201CD25CBE38B00ACC39A /* Build configuration list for PBXNativeTarget "Gacha" */ = {
			isa = XCConfigurationList;
			buildConfigurations = (
				CCB201CE25CBE38B00ACC39A /* Debug */,
				CCB201CF25CBE38B00ACC39A /* Release */,
			);
			defaultConfigurationIsVisible = 0;
			defaultConfigurationName = Release;
		};
		CCB201D025CBE38B00ACC39A /* Build configuration list for PBXNativeTarget "GachaTests" */ = {
			isa = XCConfigurationList;
			buildConfigurations = (
				CCB201D125CBE38B00ACC39A /* Debug */,
				CCB201D225CBE38B00ACC39A /* Release */,
			);
			defaultConfigurationIsVisible = 0;
			defaultConfigurationName = Release;
		};
		CCB201D325CBE38B00ACC39A /* Build configuration list for PBXNativeTarget "GachaUITests" */ = {
			isa = XCConfigurationList;
			buildConfigurations = (
				CCB201D425CBE38B00ACC39A /* Debug */,
				CCB201D525CBE38B00ACC39A /* Release */,
			);
			defaultConfigurationIsVisible = 0;
			defaultConfigurationName = Release;
		};
/* End XCConfigurationList section */
	};
	rootObject = CCB2019B25CBE38900ACC39A /* Project object */;
}
